
Microsoft Visual Studio Solution File, Format Version 12.00
# Visual Studio Version 16
VisualStudioVersion = 16.0.31112.23
MinimumVisualStudioVersion = 10.0.40219.1
Project("{FAE04EC0-301F-11D3-BF4B-00C04F79EFBC}") = "Lab-NetFramework", "Lab-NetFramework\Lab-NetFramework.csproj", "{1259E375-00B2-41FA-8330-BF85F5D6DAAA}"
EndProject
Global
	GlobalSection(SolutionConfigurationPlatforms) = preSolution
		Debug|Any CPU = Debug|Any CPU
		Release|Any CPU = Release|Any CPU
	EndGlobalSection
	GlobalSection(ProjectConfigurationPlatforms) = postSolution
		{1259E375-00B2-41FA-8330-BF85F5D6DAAA}.Debug|Any CPU.ActiveCfg = Debug|Any CPU
		{1259E375-00B2-41FA-8330-BF85F5D6DAAA}.Debug|Any CPU.Build.0 = Debug|Any CPU
		{1259E375-00B2-41FA-8330-BF85F5D6DAAA}.Release|Any CPU.ActiveCfg = Release|Any CPU
		{1259E375-00B2-41FA-8330-BF85F5D6DAAA}.Release|Any CPU.Build.0 = Release|Any CPU
	EndGlobalSection
	GlobalSection(SolutionProperties) = preSolution
		HideSolutionNode = FALSE
	EndGlobalSection
	GlobalSection(ExtensibilityGlobals) = postSolution
		SolutionGuid = {FB71F44B-D7EF-4710-A5C8-3F6C8EDB227E}
	EndGlobalSection
EndGlobal
